
Microsoft Visual Studio Solution File, Format Version 12.00
# Visual Studio Version 17
VisualStudioVersion = 17.5.33414.496
MinimumVisualStudioVersion = 10.0.40219.1
Project("{FAE04EC0-301F-11D3-BF4B-00C04F79EFBC}") = "Symulator", "Symulator\Symulator.csproj", "{C7D5CBD8-D9FE-42AB-A2AF-0675859CFDB8}"
EndProject
Global
	GlobalSection(SolutionConfigurationPlatforms) = preSolution
		Debug|Any CPU = Debug|Any CPU
		Release|Any CPU = Release|Any CPU
	EndGlobalSection
	GlobalSection(ProjectConfigurationPlatforms) = postSolution
		{C7D5CBD8-D9FE-42AB-A2AF-0675859CFDB8}.Debug|Any CPU.ActiveCfg = Debug|Any CPU
		{C7D5CBD8-D9FE-42AB-A2AF-0675859CFDB8}.Debug|Any CPU.Build.0 = Debug|Any CPU
		{C7D5CBD8-D9FE-42AB-A2AF-0675859CFDB8}.Release|Any CPU.ActiveCfg = Release|Any CPU
		{C7D5CBD8-D9FE-42AB-A2AF-0675859CFDB8}.Release|Any CPU.Build.0 = Release|Any CPU
	EndGlobalSection
	GlobalSection(SolutionProperties) = preSolution
		HideSolutionNode = FALSE
	EndGlobalSection
	GlobalSection(ExtensibilityGlobals) = postSolution
		SolutionGuid = {EFED519A-6846-437B-BB92-6E7DB423BA5F}
	EndGlobalSection
EndGlobal
